
Microsoft Visual Studio Solution File, Format Version 12.00
# Visual Studio 14
VisualStudioVersion = 14.0.25420.1
MinimumVisualStudioVersion = 10.0.40219.1
Project("{8BC9CEB8-8B4A-11D0-8D11-00A0C91BC942}") = "001.hello world", "001.hello world\001.hello world.vcxproj", "{4F7A0928-9831-4EFB-BDAE-E70A4A288D74}"
EndProject
Project("{8BC9CEB8-8B4A-11D0-8D11-00A0C91BC942}") = "002.多项式求值", "002.多项式求值\002.多项式求值.vcxproj", "{C8987CCE-CCAB-4B01-B8A6-CA8B5FC4BF4D}"
EndProject
Project("{8BC9CEB8-8B4A-11D0-8D11-00A0C91BC942}") = "003.大写换小写", "003.大写换小写\003.大写换小写.vcxproj", "{4CB8B633-9473-4955-8159-4DBE7F770CE4}"
EndProject
Project("{8BC9CEB8-8B4A-11D0-8D11-00A0C91BC942}") = "004.闰年判定", "004.闰年判定\004.闰年判定.vcxproj", "{AC1B6021-47D8-42B9-ABD9-809EF3C21442}"
EndProject
Project("{8BC9CEB8-8B4A-11D0-8D11-00A0C91BC942}") = "005.输出二维矩阵", "005.输出二维矩阵\005.输出二维矩阵.vcxproj", "{651DEAF0-5F44-4D84-B2C1-9F2CF13EA3DD}"
EndProject
Project("{8BC9CEB8-8B4A-11D0-8D11-00A0C91BC942}") = "006.求pai", "006.求pai\006.求pai.vcxproj", "{1EF81133-2754-4444-9E39-2D0BD3CBE87D}"
EndProject
Project("{8BC9CEB8-8B4A-11D0-8D11-00A0C91BC942}") = "007.Fibonacci级数(递归)", "007.Fibonacci级数\007.Fibonacci级数.vcxproj", "{B05045BB-27E5-408C-A93D-EDD642995F0F}"
EndProject
Project("{8BC9CEB8-8B4A-11D0-8D11-00A0C91BC942}") = "008.判断(素数)prime", "008.判断(素数)prime\008.判断(素数)prime.vcxproj", "{2EE3A4BC-421B-4E7F-BCB3-EAF716A1DA9B}"
EndProject
Project("{8BC9CEB8-8B4A-11D0-8D11-00A0C91BC942}") = "009.输出素数prime", "008.输出素数prime\008.输出素数prime.vcxproj", "{001FDB1B-D00D-4855-9DD8-310FB173F0A3}"
EndProject
Project("{8BC9CEB8-8B4A-11D0-8D11-00A0C91BC942}") = "010.最大公约数最小公倍数", "010.最大公约数最小公倍数\010.最大公约数最小公倍数.vcxproj", "{28BB6F12-A5F9-4E88-A1FD-91E3C2CBDF0F}"
EndProject
Project("{8BC9CEB8-8B4A-11D0-8D11-00A0C91BC942}") = "011.统计字母空格数字其它个数", "011.统计字母空格数字其它个数\011.统计字母空格数字其它个数.vcxproj", "{0F7B88A0-413C-49D4-A2EA-2A3A73EA6CC7}"
EndProject
Project("{8BC9CEB8-8B4A-11D0-8D11-00A0C91BC942}") = "012.水仙花数", "012.水仙花数\012.水仙花数.vcxproj", "{A4AD7EA5-6FCA-4AE7-8182-471C6B96E98B}"
EndProject
Project("{8BC9CEB8-8B4A-11D0-8D11-00A0C91BC942}") = "013.落地反弹", "013.落地反弹\013.落地反弹.vcxproj", "{FC93164B-FC1A-4723-B259-82AD753F4092}"
EndProject
Project("{8BC9CEB8-8B4A-11D0-8D11-00A0C91BC942}") = "014.猴子吃桃", "014.猴子吃桃\014.猴子吃桃.vcxproj", "{BD97DFC1-2B35-4326-8AC6-CA8DF1AB95D9}"
EndProject
Project("{8BC9CEB8-8B4A-11D0-8D11-00A0C91BC942}") = "015.输出图案", "015.输出图案\015.输出图案.vcxproj", "{E0FB4371-7EA2-466F-87A7-25983F9D54CC}"
EndProject
Project("{8BC9CEB8-8B4A-11D0-8D11-00A0C91BC942}") = "016.数组处理Fibonacci数列", "016.数组处理Fibonacci数列\016.数组处理Fibonacci数列.vcxproj", "{BDC7EADE-C1F7-4226-8847-6205679E76C0}"
EndProject
Project("{8BC9CEB8-8B4A-11D0-8D11-00A0C91BC942}") = "017.冒泡排序", "017.冒泡排序\017.冒泡排序.vcxproj", "{8AE7E198-5595-47FC-9D56-6EFC2F243D6A}"
EndProject
Project("{8BC9CEB8-8B4A-11D0-8D11-00A0C91BC942}") = "018.二维数组行列互换", "018.二维数组行列互换\018.二维数组行列互换.vcxproj", "{B887EFEB-CC41-4414-91D8-8D5B4FCCCBFB}"
EndProject
Project("{8BC9CEB8-8B4A-11D0-8D11-00A0C91BC942}") = "020.统计单词", "020.统计单词\020.统计单词.vcxproj", "{F495FE36-1D91-4AC4-8154-3530F68BB17D}"
EndProject
Project("{8BC9CEB8-8B4A-11D0-8D11-00A0C91BC942}") = "019.二维矩阵最大元素", "019.二维矩阵最大元素\019.二维矩阵最大元素.vcxproj", "{95AE8F90-B569-4FA6-8674-F8E42CF574BC}"
EndProject
Project("{8BC9CEB8-8B4A-11D0-8D11-00A0C91BC942}") = "021.数组中插入一个数", "021.数组中插入一个数\021.数组中插入一个数.vcxproj", "{276A711F-E90F-4DD0-9FF0-F894AAC60A8F}"
EndProject
Project("{8BC9CEB8-8B4A-11D0-8D11-00A0C91BC942}") = "023.两个字符串串起来", "023.两个字符串串起来\023.两个字符串串起来.vcxproj", "{82C5E969-2002-4C6A-A539-9B4853069FC7}"
EndProject
Project("{8BC9CEB8-8B4A-11D0-8D11-00A0C91BC942}") = "022.数组输出图案", "022.数组输出图案\022.数组输出图案.vcxproj", "{154BB1B3-6423-4F0D-8C91-1650A297A8C5}"
EndProject
Project("{8BC9CEB8-8B4A-11D0-8D11-00A0C91BC942}") = "024.函数实现比大小", "024.函数实现比大小\024.函数实现比大小.vcxproj", "{0CB4484C-2CBF-4C8F-83C8-9729E4FF4613}"
EndProject
Project("{8BC9CEB8-8B4A-11D0-8D11-00A0C91BC942}") = "025.递归求n!", "025.递归求n!\025.递归求n!.vcxproj", "{ABDAB199-925D-4E2B-9306-62B4850DA6FD}"
EndProject
Project("{8BC9CEB8-8B4A-11D0-8D11-00A0C91BC942}") = "026.汉罗塔hanoi", "026.汉罗塔hanoi\026.汉罗塔hanoi.vcxproj", "{539D6154-18DD-4F9D-8CC1-5C66DF2981B2}"
EndProject
Project("{8BC9CEB8-8B4A-11D0-8D11-00A0C91BC942}") = "027.数组输入10个数求最大及位置", "027.数组输入10个数求最大及位置\027.数组输入10个数求最大及位置.vcxproj", "{7B7B68B6-BA9B-4186-92F1-ACE244536301}"
EndProject
Project("{8BC9CEB8-8B4A-11D0-8D11-00A0C91BC942}") = "028.函数实现二维矩阵中最大元素", "028.函数实现二维矩阵中最大元素\028.函数实现二维矩阵中最大元素.vcxproj", "{F2690B70-2593-41CE-B8BB-90BE07FE4ED1}"
EndProject
Project("{8BC9CEB8-8B4A-11D0-8D11-00A0C91BC942}") = "029.二维数组行列互换", "029.二维数组行列互换\029.二维数组行列互换.vcxproj", "{6B5A09E9-716A-4069-9809-715DBB283EF6}"
EndProject
Project("{8BC9CEB8-8B4A-11D0-8D11-00A0C91BC942}") = "030.用气泡法对字符串排序", "030.用气泡法对字符串排序\030.用气泡法对字符串排序.vcxproj", "{0770073C-2085-4C44-B9D7-96A394A6D676}"
EndProject
Project("{8BC9CEB8-8B4A-11D0-8D11-00A0C91BC942}") = "031.学生成绩数据处理", "031.学生成绩数据处理\031.学生成绩数据处理.vcxproj", "{D5B812E6-FF5D-411B-994C-B7BFD38545F3}"
EndProject
Project("{8BC9CEB8-8B4A-11D0-8D11-00A0C91BC942}") = "032.指针变量", "032.指针变量\032.指针变量.vcxproj", "{2A9953E6-991C-4298-8B51-9838DD12B5EA}"
EndProject
Project("{8BC9CEB8-8B4A-11D0-8D11-00A0C91BC942}") = "033.指针实现大小输出", "033.指针实现大小输出\033.指针实现大小输出.vcxproj", "{9FDFBA45-D2A3-429F-BB11-0DB6433C50B4}"
EndProject
Project("{8BC9CEB8-8B4A-11D0-8D11-00A0C91BC942}") = "034.通过指针数组反序存放", "034.通过指针数组反序存放\034.通过指针数组反序存放.vcxproj", "{518398C4-3F80-4F37-88F6-C1CF29E66A35}"
EndProject
Project("{8BC9CEB8-8B4A-11D0-8D11-00A0C91BC942}") = "035.指针对整数排序", "035.指针对整数排序\035.指针对整数排序.vcxproj", "{4F442E3C-E5B6-48D4-8F77-5D0FA1782402}"
EndProject
Project("{8BC9CEB8-8B4A-11D0-8D11-00A0C91BC942}") = "036.指向二维数组的指针", "036.指向二维数组的指针\036.指向二维数组的指针.vcxproj", "{51968258-C8F2-4806-A0F3-797704005F4F}"
EndProject
Project("{8BC9CEB8-8B4A-11D0-8D11-00A0C91BC942}") = "037.指向函数的指针变量应用", "037.指向函数的指针变量应用\037.指向函数的指针变量应用.vcxproj", "{7BFBD177-E404-4012-A1C7-1D42F55ADFA0}"
EndProject
Global
	GlobalSection(SolutionConfigurationPlatforms) = preSolution
		Debug|Any CPU = Debug|Any CPU
		Debug|x64 = Debug|x64
		Debug|x86 = Debug|x86
		Release|Any CPU = Release|Any CPU
		Release|x64 = Release|x64
		Release|x86 = Release|x86
	EndGlobalSection
	GlobalSection(ProjectConfigurationPlatforms) = postSolution
		{4F7A0928-9831-4EFB-BDAE-E70A4A288D74}.Debug|Any CPU.ActiveCfg = Debug|Win32
		{4F7A0928-9831-4EFB-BDAE-E70A4A288D74}.Debug|x64.ActiveCfg = Debug|x64
		{4F7A0928-9831-4EFB-BDAE-E70A4A288D74}.Debug|x64.Build.0 = Debug|x64
		{4F7A0928-9831-4EFB-BDAE-E70A4A288D74}.Debug|x86.ActiveCfg = Debug|Win32
		{4F7A0928-9831-4EFB-BDAE-E70A4A288D74}.Debug|x86.Build.0 = Debug|Win32
		{4F7A0928-9831-4EFB-BDAE-E70A4A288D74}.Release|Any CPU.ActiveCfg = Release|Win32
		{4F7A0928-9831-4EFB-BDAE-E70A4A288D74}.Release|x64.ActiveCfg = Release|x64
		{4F7A0928-9831-4EFB-BDAE-E70A4A288D74}.Release|x64.Build.0 = Release|x64
		{4F7A0928-9831-4EFB-BDAE-E70A4A288D74}.Release|x86.ActiveCfg = Release|Win32
		{4F7A0928-9831-4EFB-BDAE-E70A4A288D74}.Release|x86.Build.0 = Release|Win32
		{C8987CCE-CCAB-4B01-B8A6-CA8B5FC4BF4D}.Debug|Any CPU.ActiveCfg = Debug|Win32
		{C8987CCE-CCAB-4B01-B8A6-CA8B5FC4BF4D}.Debug|x64.ActiveCfg = Debug|x64
		{C8987CCE-CCAB-4B01-B8A6-CA8B5FC4BF4D}.Debug|x64.Build.0 = Debug|x64
		{C8987CCE-CCAB-4B01-B8A6-CA8B5FC4BF4D}.Debug|x86.ActiveCfg = Debug|Win32
		{C8987CCE-CCAB-4B01-B8A6-CA8B5FC4BF4D}.Debug|x86.Build.0 = Debug|Win32
		{C8987CCE-CCAB-4B01-B8A6-CA8B5FC4BF4D}.Release|Any CPU.ActiveCfg = Release|Win32
		{C8987CCE-CCAB-4B01-B8A6-CA8B5FC4BF4D}.Release|x64.ActiveCfg = Release|x64
		{C8987CCE-CCAB-4B01-B8A6-CA8B5FC4BF4D}.Release|x64.Build.0 = Release|x64
		{C8987CCE-CCAB-4B01-B8A6-CA8B5FC4BF4D}.Release|x86.ActiveCfg = Release|Win32
		{C8987CCE-CCAB-4B01-B8A6-CA8B5FC4BF4D}.Release|x86.Build.0 = Release|Win32
		{4CB8B633-9473-4955-8159-4DBE7F770CE4}.Debug|Any CPU.ActiveCfg = Debug|Win32
		{4CB8B633-9473-4955-8159-4DBE7F770CE4}.Debug|x64.ActiveCfg = Debug|x64
		{4CB8B633-9473-4955-8159-4DBE7F770CE4}.Debug|x64.Build.0 = Debug|x64
		{4CB8B633-9473-4955-8159-4DBE7F770CE4}.Debug|x86.ActiveCfg = Debug|Win32
		{4CB8B633-9473-4955-8159-4DBE7F770CE4}.Debug|x86.Build.0 = Debug|Win32
		{4CB8B633-9473-4955-8159-4DBE7F770CE4}.Release|Any CPU.ActiveCfg = Release|Win32
		{4CB8B633-9473-4955-8159-4DBE7F770CE4}.Release|x64.ActiveCfg = Release|x64
		{4CB8B633-9473-4955-8159-4DBE7F770CE4}.Release|x64.Build.0 = Release|x64
		{4CB8B633-9473-4955-8159-4DBE7F770CE4}.Release|x86.ActiveCfg = Release|Win32
		{4CB8B633-9473-4955-8159-4DBE7F770CE4}.Release|x86.Build.0 = Release|Win32
		{AC1B6021-47D8-42B9-ABD9-809EF3C21442}.Debug|Any CPU.ActiveCfg = Debug|Win32
		{AC1B6021-47D8-42B9-ABD9-809EF3C21442}.Debug|x64.ActiveCfg = Debug|x64
		{AC1B6021-47D8-42B9-ABD9-809EF3C21442}.Debug|x64.Build.0 = Debug|x64
		{AC1B6021-47D8-42B9-ABD9-809EF3C21442}.Debug|x86.ActiveCfg = Debug|Win32
		{AC1B6021-47D8-42B9-ABD9-809EF3C21442}.Debug|x86.Build.0 = Debug|Win32
		{AC1B6021-47D8-42B9-ABD9-809EF3C21442}.Release|Any CPU.ActiveCfg = Release|Win32
		{AC1B6021-47D8-42B9-ABD9-809EF3C21442}.Release|x64.ActiveCfg = Release|x64
		{AC1B6021-47D8-42B9-ABD9-809EF3C21442}.Release|x64.Build.0 = Release|x64
		{AC1B6021-47D8-42B9-ABD9-809EF3C21442}.Release|x86.ActiveCfg = Release|Win32
		{AC1B6021-47D8-42B9-ABD9-809EF3C21442}.Release|x86.Build.0 = Release|Win32
		{651DEAF0-5F44-4D84-B2C1-9F2CF13EA3DD}.Debug|Any CPU.ActiveCfg = Debug|Win32
		{651DEAF0-5F44-4D84-B2C1-9F2CF13EA3DD}.Debug|x64.ActiveCfg = Debug|x64
		{651DEAF0-5F44-4D84-B2C1-9F2CF13EA3DD}.Debug|x64.Build.0 = Debug|x64
		{651DEAF0-5F44-4D84-B2C1-9F2CF13EA3DD}.Debug|x86.ActiveCfg = Debug|Win32
		{651DEAF0-5F44-4D84-B2C1-9F2CF13EA3DD}.Debug|x86.Build.0 = Debug|Win32
		{651DEAF0-5F44-4D84-B2C1-9F2CF13EA3DD}.Release|Any CPU.ActiveCfg = Release|Win32
		{651DEAF0-5F44-4D84-B2C1-9F2CF13EA3DD}.Release|x64.ActiveCfg = Release|x64
		{651DEAF0-5F44-4D84-B2C1-9F2CF13EA3DD}.Release|x64.Build.0 = Release|x64
		{651DEAF0-5F44-4D84-B2C1-9F2CF13EA3DD}.Release|x86.ActiveCfg = Release|Win32
		{651DEAF0-5F44-4D84-B2C1-9F2CF13EA3DD}.Release|x86.Build.0 = Release|Win32
		{1EF81133-2754-4444-9E39-2D0BD3CBE87D}.Debug|Any CPU.ActiveCfg = Debug|Win32
		{1EF81133-2754-4444-9E39-2D0BD3CBE87D}.Debug|x64.ActiveCfg = Debug|x64
		{1EF81133-2754-4444-9E39-2D0BD3CBE87D}.Debug|x64.Build.0 = Debug|x64
		{1EF81133-2754-4444-9E39-2D0BD3CBE87D}.Debug|x86.ActiveCfg = Debug|Win32
		{1EF81133-2754-4444-9E39-2D0BD3CBE87D}.Debug|x86.Build.0 = Debug|Win32
		{1EF81133-2754-4444-9E39-2D0BD3CBE87D}.Release|Any CPU.ActiveCfg = Release|Win32
		{1EF81133-2754-4444-9E39-2D0BD3CBE87D}.Release|x64.ActiveCfg = Release|x64
		{1EF81133-2754-4444-9E39-2D0BD3CBE87D}.Release|x64.Build.0 = Release|x64
		{1EF81133-2754-4444-9E39-2D0BD3CBE87D}.Release|x86.ActiveCfg = Release|Win32
		{1EF81133-2754-4444-9E39-2D0BD3CBE87D}.Release|x86.Build.0 = Release|Win32
		{B05045BB-27E5-408C-A93D-EDD642995F0F}.Debug|Any CPU.ActiveCfg = Debug|Win32
		{B05045BB-27E5-408C-A93D-EDD642995F0F}.Debug|x64.ActiveCfg = Debug|x64
		{B05045BB-27E5-408C-A93D-EDD642995F0F}.Debug|x64.Build.0 = Debug|x64
		{B05045BB-27E5-408C-A93D-EDD642995F0F}.Debug|x86.ActiveCfg = Debug|Win32
		{B05045BB-27E5-408C-A93D-EDD642995F0F}.Debug|x86.Build.0 = Debug|Win32
		{B05045BB-27E5-408C-A93D-EDD642995F0F}.Release|Any CPU.ActiveCfg = Release|Win32
		{B05045BB-27E5-408C-A93D-EDD642995F0F}.Release|x64.ActiveCfg = Release|x64
		{B05045BB-27E5-408C-A93D-EDD642995F0F}.Release|x64.Build.0 = Release|x64
		{B05045BB-27E5-408C-A93D-EDD642995F0F}.Release|x86.ActiveCfg = Release|Win32
		{B05045BB-27E5-408C-A93D-EDD642995F0F}.Release|x86.Build.0 = Release|Win32
		{2EE3A4BC-421B-4E7F-BCB3-EAF716A1DA9B}.Debug|Any CPU.ActiveCfg = Debug|Win32
		{2EE3A4BC-421B-4E7F-BCB3-EAF716A1DA9B}.Debug|x64.ActiveCfg = Debug|x64
		{2EE3A4BC-421B-4E7F-BCB3-EAF716A1DA9B}.Debug|x64.Build.0 = Debug|x64
		{2EE3A4BC-421B-4E7F-BCB3-EAF716A1DA9B}.Debug|x86.ActiveCfg = Debug|Win32
		{2EE3A4BC-421B-4E7F-BCB3-EAF716A1DA9B}.Debug|x86.Build.0 = Debug|Win32
		{2EE3A4BC-421B-4E7F-BCB3-EAF716A1DA9B}.Release|Any CPU.ActiveCfg = Release|Win32
		{2EE3A4BC-421B-4E7F-BCB3-EAF716A1DA9B}.Release|x64.ActiveCfg = Release|x64
		{2EE3A4BC-421B-4E7F-BCB3-EAF716A1DA9B}.Release|x64.Build.0 = Release|x64
		{2EE3A4BC-421B-4E7F-BCB3-EAF716A1DA9B}.Release|x86.ActiveCfg = Release|Win32
		{2EE3A4BC-421B-4E7F-BCB3-EAF716A1DA9B}.Release|x86.Build.0 = Release|Win32
		{001FDB1B-D00D-4855-9DD8-310FB173F0A3}.Debug|Any CPU.ActiveCfg = Debug|Win32
		{001FDB1B-D00D-4855-9DD8-310FB173F0A3}.Debug|x64.ActiveCfg = Debug|x64
		{001FDB1B-D00D-4855-9DD8-310FB173F0A3}.Debug|x64.Build.0 = Debug|x64
		{001FDB1B-D00D-4855-9DD8-310FB173F0A3}.Debug|x86.ActiveCfg = Debug|Win32
		{001FDB1B-D00D-4855-9DD8-310FB173F0A3}.Debug|x86.Build.0 = Debug|Win32
		{001FDB1B-D00D-4855-9DD8-310FB173F0A3}.Release|Any CPU.ActiveCfg = Release|Win32
		{001FDB1B-D00D-4855-9DD8-310FB173F0A3}.Release|x64.ActiveCfg = Release|x64
		{001FDB1B-D00D-4855-9DD8-310FB173F0A3}.Release|x64.Build.0 = Release|x64
		{001FDB1B-D00D-4855-9DD8-310FB173F0A3}.Release|x86.ActiveCfg = Release|Win32
		{001FDB1B-D00D-4855-9DD8-310FB173F0A3}.Release|x86.Build.0 = Release|Win32
		{28BB6F12-A5F9-4E88-A1FD-91E3C2CBDF0F}.Debug|Any CPU.ActiveCfg = Debug|Win32
		{28BB6F12-A5F9-4E88-A1FD-91E3C2CBDF0F}.Debug|x64.ActiveCfg = Debug|x64
		{28BB6F12-A5F9-4E88-A1FD-91E3C2CBDF0F}.Debug|x64.Build.0 = Debug|x64
		{28BB6F12-A5F9-4E88-A1FD-91E3C2CBDF0F}.Debug|x86.ActiveCfg = Debug|Win32
		{28BB6F12-A5F9-4E88-A1FD-91E3C2CBDF0F}.Debug|x86.Build.0 = Debug|Win32
		{28BB6F12-A5F9-4E88-A1FD-91E3C2CBDF0F}.Release|Any CPU.ActiveCfg = Release|Win32
		{28BB6F12-A5F9-4E88-A1FD-91E3C2CBDF0F}.Release|x64.ActiveCfg = Release|x64
		{28BB6F12-A5F9-4E88-A1FD-91E3C2CBDF0F}.Release|x64.Build.0 = Release|x64
		{28BB6F12-A5F9-4E88-A1FD-91E3C2CBDF0F}.Release|x86.ActiveCfg = Release|Win32
		{28BB6F12-A5F9-4E88-A1FD-91E3C2CBDF0F}.Release|x86.Build.0 = Release|Win32
		{0F7B88A0-413C-49D4-A2EA-2A3A73EA6CC7}.Debug|Any CPU.ActiveCfg = Debug|Win32
		{0F7B88A0-413C-49D4-A2EA-2A3A73EA6CC7}.Debug|x64.ActiveCfg = Debug|x64
		{0F7B88A0-413C-49D4-A2EA-2A3A73EA6CC7}.Debug|x64.Build.0 = Debug|x64
		{0F7B88A0-413C-49D4-A2EA-2A3A73EA6CC7}.Debug|x86.ActiveCfg = Debug|Win32
		{0F7B88A0-413C-49D4-A2EA-2A3A73EA6CC7}.Debug|x86.Build.0 = Debug|Win32
		{0F7B88A0-413C-49D4-A2EA-2A3A73EA6CC7}.Release|Any CPU.ActiveCfg = Release|Win32
		{0F7B88A0-413C-49D4-A2EA-2A3A73EA6CC7}.Release|x64.ActiveCfg = Release|x64
		{0F7B88A0-413C-49D4-A2EA-2A3A73EA6CC7}.Release|x64.Build.0 = Release|x64
		{0F7B88A0-413C-49D4-A2EA-2A3A73EA6CC7}.Release|x86.ActiveCfg = Release|Win32
		{0F7B88A0-413C-49D4-A2EA-2A3A73EA6CC7}.Release|x86.Build.0 = Release|Win32
		{A4AD7EA5-6FCA-4AE7-8182-471C6B96E98B}.Debug|Any CPU.ActiveCfg = Debug|Win32
		{A4AD7EA5-6FCA-4AE7-8182-471C6B96E98B}.Debug|x64.ActiveCfg = Debug|x64
		{A4AD7EA5-6FCA-4AE7-8182-471C6B96E98B}.Debug|x64.Build.0 = Debug|x64
		{A4AD7EA5-6FCA-4AE7-8182-471C6B96E98B}.Debug|x86.ActiveCfg = Debug|Win32
		{A4AD7EA5-6FCA-4AE7-8182-471C6B96E98B}.Debug|x86.Build.0 = Debug|Win32
		{A4AD7EA5-6FCA-4AE7-8182-471C6B96E98B}.Release|Any CPU.ActiveCfg = Release|Win32
		{A4AD7EA5-6FCA-4AE7-8182-471C6B96E98B}.Release|x64.ActiveCfg = Release|x64
		{A4AD7EA5-6FCA-4AE7-8182-471C6B96E98B}.Release|x64.Build.0 = Release|x64
		{A4AD7EA5-6FCA-4AE7-8182-471C6B96E98B}.Release|x86.ActiveCfg = Release|Win32
		{A4AD7EA5-6FCA-4AE7-8182-471C6B96E98B}.Release|x86.Build.0 = Release|Win32
		{FC93164B-FC1A-4723-B259-82AD753F4092}.Debug|Any CPU.ActiveCfg = Debug|Win32
		{FC93164B-FC1A-4723-B259-82AD753F4092}.Debug|x64.ActiveCfg = Debug|x64
		{FC93164B-FC1A-4723-B259-82AD753F4092}.Debug|x64.Build.0 = Debug|x64
		{FC93164B-FC1A-4723-B259-82AD753F4092}.Debug|x86.ActiveCfg = Debug|Win32
		{FC93164B-FC1A-4723-B259-82AD753F4092}.Debug|x86.Build.0 = Debug|Win32
		{FC93164B-FC1A-4723-B259-82AD753F4092}.Release|Any CPU.ActiveCfg = Release|Win32
		{FC93164B-FC1A-4723-B259-82AD753F4092}.Release|x64.ActiveCfg = Release|x64
		{FC93164B-FC1A-4723-B259-82AD753F4092}.Release|x64.Build.0 = Release|x64
		{FC93164B-FC1A-4723-B259-82AD753F4092}.Release|x86.ActiveCfg = Release|Win32
		{FC93164B-FC1A-4723-B259-82AD753F4092}.Release|x86.Build.0 = Release|Win32
		{BD97DFC1-2B35-4326-8AC6-CA8DF1AB95D9}.Debug|Any CPU.ActiveCfg = Debug|Win32
		{BD97DFC1-2B35-4326-8AC6-CA8DF1AB95D9}.Debug|x64.ActiveCfg = Debug|x64
		{BD97DFC1-2B35-4326-8AC6-CA8DF1AB95D9}.Debug|x64.Build.0 = Debug|x64
		{BD97DFC1-2B35-4326-8AC6-CA8DF1AB95D9}.Debug|x86.ActiveCfg = Debug|Win32
		{BD97DFC1-2B35-4326-8AC6-CA8DF1AB95D9}.Debug|x86.Build.0 = Debug|Win32
		{BD97DFC1-2B35-4326-8AC6-CA8DF1AB95D9}.Release|Any CPU.ActiveCfg = Release|Win32
		{BD97DFC1-2B35-4326-8AC6-CA8DF1AB95D9}.Release|x64.ActiveCfg = Release|x64
		{BD97DFC1-2B35-4326-8AC6-CA8DF1AB95D9}.Release|x64.Build.0 = Release|x64
		{BD97DFC1-2B35-4326-8AC6-CA8DF1AB95D9}.Release|x86.ActiveCfg = Release|Win32
		{BD97DFC1-2B35-4326-8AC6-CA8DF1AB95D9}.Release|x86.Build.0 = Release|Win32
		{E0FB4371-7EA2-466F-87A7-25983F9D54CC}.Debug|Any CPU.ActiveCfg = Debug|Win32
		{E0FB4371-7EA2-466F-87A7-25983F9D54CC}.Debug|x64.ActiveCfg = Debug|x64
		{E0FB4371-7EA2-466F-87A7-25983F9D54CC}.Debug|x64.Build.0 = Debug|x64
		{E0FB4371-7EA2-466F-87A7-25983F9D54CC}.Debug|x86.ActiveCfg = Debug|Win32
		{E0FB4371-7EA2-466F-87A7-25983F9D54CC}.Debug|x86.Build.0 = Debug|Win32
		{E0FB4371-7EA2-466F-87A7-25983F9D54CC}.Release|Any CPU.ActiveCfg = Release|Win32
		{E0FB4371-7EA2-466F-87A7-25983F9D54CC}.Release|x64.ActiveCfg = Release|x64
		{E0FB4371-7EA2-466F-87A7-25983F9D54CC}.Release|x64.Build.0 = Release|x64
		{E0FB4371-7EA2-466F-87A7-25983F9D54CC}.Release|x86.ActiveCfg = Release|Win32
		{E0FB4371-7EA2-466F-87A7-25983F9D54CC}.Release|x86.Build.0 = Release|Win32
		{BDC7EADE-C1F7-4226-8847-6205679E76C0}.Debug|Any CPU.ActiveCfg = Debug|Win32
		{BDC7EADE-C1F7-4226-8847-6205679E76C0}.Debug|x64.ActiveCfg = Debug|x64
		{BDC7EADE-C1F7-4226-8847-6205679E76C0}.Debug|x64.Build.0 = Debug|x64
		{BDC7EADE-C1F7-4226-8847-6205679E76C0}.Debug|x86.ActiveCfg = Debug|Win32
		{BDC7EADE-C1F7-4226-8847-6205679E76C0}.Debug|x86.Build.0 = Debug|Win32
		{BDC7EADE-C1F7-4226-8847-6205679E76C0}.Release|Any CPU.ActiveCfg = Release|Win32
		{BDC7EADE-C1F7-4226-8847-6205679E76C0}.Release|x64.ActiveCfg = Release|x64
		{BDC7EADE-C1F7-4226-8847-6205679E76C0}.Release|x64.Build.0 = Release|x64
		{BDC7EADE-C1F7-4226-8847-6205679E76C0}.Release|x86.ActiveCfg = Release|Win32
		{BDC7EADE-C1F7-4226-8847-6205679E76C0}.Release|x86.Build.0 = Release|Win32
		{8AE7E198-5595-47FC-9D56-6EFC2F243D6A}.Debug|Any CPU.ActiveCfg = Debug|Win32
		{8AE7E198-5595-47FC-9D56-6EFC2F243D6A}.Debug|x64.ActiveCfg = Debug|x64
		{8AE7E198-5595-47FC-9D56-6EFC2F243D6A}.Debug|x64.Build.0 = Debug|x64
		{8AE7E198-5595-47FC-9D56-6EFC2F243D6A}.Debug|x86.ActiveCfg = Debug|Win32
		{8AE7E198-5595-47FC-9D56-6EFC2F243D6A}.Debug|x86.Build.0 = Debug|Win32
		{8AE7E198-5595-47FC-9D56-6EFC2F243D6A}.Release|Any CPU.ActiveCfg = Release|Win32
		{8AE7E198-5595-47FC-9D56-6EFC2F243D6A}.Release|x64.ActiveCfg = Release|x64
		{8AE7E198-5595-47FC-9D56-6EFC2F243D6A}.Release|x64.Build.0 = Release|x64
		{8AE7E198-5595-47FC-9D56-6EFC2F243D6A}.Release|x86.ActiveCfg = Release|Win32
		{8AE7E198-5595-47FC-9D56-6EFC2F243D6A}.Release|x86.Build.0 = Release|Win32
		{B887EFEB-CC41-4414-91D8-8D5B4FCCCBFB}.Debug|Any CPU.ActiveCfg = Debug|Win32
		{B887EFEB-CC41-4414-91D8-8D5B4FCCCBFB}.Debug|x64.ActiveCfg = Debug|x64
		{B887EFEB-CC41-4414-91D8-8D5B4FCCCBFB}.Debug|x64.Build.0 = Debug|x64
		{B887EFEB-CC41-4414-91D8-8D5B4FCCCBFB}.Debug|x86.ActiveCfg = Debug|Win32
		{B887EFEB-CC41-4414-91D8-8D5B4FCCCBFB}.Debug|x86.Build.0 = Debug|Win32
		{B887EFEB-CC41-4414-91D8-8D5B4FCCCBFB}.Release|Any CPU.ActiveCfg = Release|Win32
		{B887EFEB-CC41-4414-91D8-8D5B4FCCCBFB}.Release|x64.ActiveCfg = Release|x64
		{B887EFEB-CC41-4414-91D8-8D5B4FCCCBFB}.Release|x64.Build.0 = Release|x64
		{B887EFEB-CC41-4414-91D8-8D5B4FCCCBFB}.Release|x86.ActiveCfg = Release|Win32
		{B887EFEB-CC41-4414-91D8-8D5B4FCCCBFB}.Release|x86.Build.0 = Release|Win32
		{F495FE36-1D91-4AC4-8154-3530F68BB17D}.Debug|Any CPU.ActiveCfg = Debug|Win32
		{F495FE36-1D91-4AC4-8154-3530F68BB17D}.Debug|x64.ActiveCfg = Debug|x64
		{F495FE36-1D91-4AC4-8154-3530F68BB17D}.Debug|x64.Build.0 = Debug|x64
		{F495FE36-1D91-4AC4-8154-3530F68BB17D}.Debug|x86.ActiveCfg = Debug|Win32
		{F495FE36-1D91-4AC4-8154-3530F68BB17D}.Debug|x86.Build.0 = Debug|Win32
		{F495FE36-1D91-4AC4-8154-3530F68BB17D}.Release|Any CPU.ActiveCfg = Release|Win32
		{F495FE36-1D91-4AC4-8154-3530F68BB17D}.Release|x64.ActiveCfg = Release|x64
		{F495FE36-1D91-4AC4-8154-3530F68BB17D}.Release|x64.Build.0 = Release|x64
		{F495FE36-1D91-4AC4-8154-3530F68BB17D}.Release|x86.ActiveCfg = Release|Win32
		{F495FE36-1D91-4AC4-8154-3530F68BB17D}.Release|x86.Build.0 = Release|Win32
		{95AE8F90-B569-4FA6-8674-F8E42CF574BC}.Debug|Any CPU.ActiveCfg = Debug|Win32
		{95AE8F90-B569-4FA6-8674-F8E42CF574BC}.Debug|x64.ActiveCfg = Debug|x64
		{95AE8F90-B569-4FA6-8674-F8E42CF574BC}.Debug|x64.Build.0 = Debug|x64
		{95AE8F90-B569-4FA6-8674-F8E42CF574BC}.Debug|x86.ActiveCfg = Debug|Win32
		{95AE8F90-B569-4FA6-8674-F8E42CF574BC}.Debug|x86.Build.0 = Debug|Win32
		{95AE8F90-B569-4FA6-8674-F8E42CF574BC}.Release|Any CPU.ActiveCfg = Release|Win32
		{95AE8F90-B569-4FA6-8674-F8E42CF574BC}.Release|x64.ActiveCfg = Release|x64
		{95AE8F90-B569-4FA6-8674-F8E42CF574BC}.Release|x64.Build.0 = Release|x64
		{95AE8F90-B569-4FA6-8674-F8E42CF574BC}.Release|x86.ActiveCfg = Release|Win32
		{95AE8F90-B569-4FA6-8674-F8E42CF574BC}.Release|x86.Build.0 = Release|Win32
		{276A711F-E90F-4DD0-9FF0-F894AAC60A8F}.Debug|Any CPU.ActiveCfg = Debug|Win32
		{276A711F-E90F-4DD0-9FF0-F894AAC60A8F}.Debug|x64.ActiveCfg = Debug|x64
		{276A711F-E90F-4DD0-9FF0-F894AAC60A8F}.Debug|x64.Build.0 = Debug|x64
		{276A711F-E90F-4DD0-9FF0-F894AAC60A8F}.Debug|x86.ActiveCfg = Debug|Win32
		{276A711F-E90F-4DD0-9FF0-F894AAC60A8F}.Debug|x86.Build.0 = Debug|Win32
		{276A711F-E90F-4DD0-9FF0-F894AAC60A8F}.Release|Any CPU.ActiveCfg = Release|Win32
		{276A711F-E90F-4DD0-9FF0-F894AAC60A8F}.Release|x64.ActiveCfg = Release|x64
		{276A711F-E90F-4DD0-9FF0-F894AAC60A8F}.Release|x64.Build.0 = Release|x64
		{276A711F-E90F-4DD0-9FF0-F894AAC60A8F}.Release|x86.ActiveCfg = Release|Win32
		{276A711F-E90F-4DD0-9FF0-F894AAC60A8F}.Release|x86.Build.0 = Release|Win32
		{82C5E969-2002-4C6A-A539-9B4853069FC7}.Debug|Any CPU.ActiveCfg = Debug|Win32
		{82C5E969-2002-4C6A-A539-9B4853069FC7}.Debug|x64.ActiveCfg = Debug|x64
		{82C5E969-2002-4C6A-A539-9B4853069FC7}.Debug|x64.Build.0 = Debug|x64
		{82C5E969-2002-4C6A-A539-9B4853069FC7}.Debug|x86.ActiveCfg = Debug|Win32
		{82C5E969-2002-4C6A-A539-9B4853069FC7}.Debug|x86.Build.0 = Debug|Win32
		{82C5E969-2002-4C6A-A539-9B4853069FC7}.Release|Any CPU.ActiveCfg = Release|Win32
		{82C5E969-2002-4C6A-A539-9B4853069FC7}.Release|x64.ActiveCfg = Release|x64
		{82C5E969-2002-4C6A-A539-9B4853069FC7}.Release|x64.Build.0 = Release|x64
		{82C5E969-2002-4C6A-A539-9B4853069FC7}.Release|x86.ActiveCfg = Release|Win32
		{82C5E969-2002-4C6A-A539-9B4853069FC7}.Release|x86.Build.0 = Release|Win32
		{154BB1B3-6423-4F0D-8C91-1650A297A8C5}.Debug|Any CPU.ActiveCfg = Debug|Win32
		{154BB1B3-6423-4F0D-8C91-1650A297A8C5}.Debug|x64.ActiveCfg = Debug|x64
		{154BB1B3-6423-4F0D-8C91-1650A297A8C5}.Debug|x64.Build.0 = Debug|x64
		{154BB1B3-6423-4F0D-8C91-1650A297A8C5}.Debug|x86.ActiveCfg = Debug|Win32
		{154BB1B3-6423-4F0D-8C91-1650A297A8C5}.Debug|x86.Build.0 = Debug|Win32
		{154BB1B3-6423-4F0D-8C91-1650A297A8C5}.Release|Any CPU.ActiveCfg = Release|Win32
		{154BB1B3-6423-4F0D-8C91-1650A297A8C5}.Release|x64.ActiveCfg = Release|x64
		{154BB1B3-6423-4F0D-8C91-1650A297A8C5}.Release|x64.Build.0 = Release|x64
		{154BB1B3-6423-4F0D-8C91-1650A297A8C5}.Release|x86.ActiveCfg = Release|Win32
		{154BB1B3-6423-4F0D-8C91-1650A297A8C5}.Release|x86.Build.0 = Release|Win32
		{0CB4484C-2CBF-4C8F-83C8-9729E4FF4613}.Debug|Any CPU.ActiveCfg = Debug|Win32
		{0CB4484C-2CBF-4C8F-83C8-9729E4FF4613}.Debug|x64.ActiveCfg = Debug|x64
		{0CB4484C-2CBF-4C8F-83C8-9729E4FF4613}.Debug|x64.Build.0 = Debug|x64
		{0CB4484C-2CBF-4C8F-83C8-9729E4FF4613}.Debug|x86.ActiveCfg = Debug|Win32
		{0CB4484C-2CBF-4C8F-83C8-9729E4FF4613}.Debug|x86.Build.0 = Debug|Win32
		{0CB4484C-2CBF-4C8F-83C8-9729E4FF4613}.Release|Any CPU.ActiveCfg = Release|Win32
		{0CB4484C-2CBF-4C8F-83C8-9729E4FF4613}.Release|x64.ActiveCfg = Release|x64
		{0CB4484C-2CBF-4C8F-83C8-9729E4FF4613}.Release|x64.Build.0 = Release|x64
		{0CB4484C-2CBF-4C8F-83C8-9729E4FF4613}.Release|x86.ActiveCfg = Release|Win32
		{0CB4484C-2CBF-4C8F-83C8-9729E4FF4613}.Release|x86.Build.0 = Release|Win32
		{ABDAB199-925D-4E2B-9306-62B4850DA6FD}.Debug|Any CPU.ActiveCfg = Debug|Win32
		{ABDAB199-925D-4E2B-9306-62B4850DA6FD}.Debug|x64.ActiveCfg = Debug|x64
		{ABDAB199-925D-4E2B-9306-62B4850DA6FD}.Debug|x64.Build.0 = Debug|x64
		{ABDAB199-925D-4E2B-9306-62B4850DA6FD}.Debug|x86.ActiveCfg = Debug|Win32
		{ABDAB199-925D-4E2B-9306-62B4850DA6FD}.Debug|x86.Build.0 = Debug|Win32
		{ABDAB199-925D-4E2B-9306-62B4850DA6FD}.Release|Any CPU.ActiveCfg = Release|Win32
		{ABDAB199-925D-4E2B-9306-62B4850DA6FD}.Release|x64.ActiveCfg = Release|x64
		{ABDAB199-925D-4E2B-9306-62B4850DA6FD}.Release|x64.Build.0 = Release|x64
		{ABDAB199-925D-4E2B-9306-62B4850DA6FD}.Release|x86.ActiveCfg = Release|Win32
		{ABDAB199-925D-4E2B-9306-62B4850DA6FD}.Release|x86.Build.0 = Release|Win32
		{539D6154-18DD-4F9D-8CC1-5C66DF2981B2}.Debug|Any CPU.ActiveCfg = Debug|Win32
		{539D6154-18DD-4F9D-8CC1-5C66DF2981B2}.Debug|x64.ActiveCfg = Debug|x64
		{539D6154-18DD-4F9D-8CC1-5C66DF2981B2}.Debug|x64.Build.0 = Debug|x64
		{539D6154-18DD-4F9D-8CC1-5C66DF2981B2}.Debug|x86.ActiveCfg = Debug|Win32
		{539D6154-18DD-4F9D-8CC1-5C66DF2981B2}.Debug|x86.Build.0 = Debug|Win32
		{539D6154-18DD-4F9D-8CC1-5C66DF2981B2}.Release|Any CPU.ActiveCfg = Release|Win32
		{539D6154-18DD-4F9D-8CC1-5C66DF2981B2}.Release|x64.ActiveCfg = Release|x64
		{539D6154-18DD-4F9D-8CC1-5C66DF2981B2}.Release|x64.Build.0 = Release|x64
		{539D6154-18DD-4F9D-8CC1-5C66DF2981B2}.Release|x86.ActiveCfg = Release|Win32
		{539D6154-18DD-4F9D-8CC1-5C66DF2981B2}.Release|x86.Build.0 = Release|Win32
		{7B7B68B6-BA9B-4186-92F1-ACE244536301}.Debug|Any CPU.ActiveCfg = Debug|Win32
		{7B7B68B6-BA9B-4186-92F1-ACE244536301}.Debug|x64.ActiveCfg = Debug|x64
		{7B7B68B6-BA9B-4186-92F1-ACE244536301}.Debug|x64.Build.0 = Debug|x64
		{7B7B68B6-BA9B-4186-92F1-ACE244536301}.Debug|x86.ActiveCfg = Debug|Win32
		{7B7B68B6-BA9B-4186-92F1-ACE244536301}.Debug|x86.Build.0 = Debug|Win32
		{7B7B68B6-BA9B-4186-92F1-ACE244536301}.Release|Any CPU.ActiveCfg = Release|Win32
		{7B7B68B6-BA9B-4186-92F1-ACE244536301}.Release|x64.ActiveCfg = Release|x64
		{7B7B68B6-BA9B-4186-92F1-ACE244536301}.Release|x64.Build.0 = Release|x64
		{7B7B68B6-BA9B-4186-92F1-ACE244536301}.Release|x86.ActiveCfg = Release|Win32
		{7B7B68B6-BA9B-4186-92F1-ACE244536301}.Release|x86.Build.0 = Release|Win32
		{F2690B70-2593-41CE-B8BB-90BE07FE4ED1}.Debug|Any CPU.ActiveCfg = Debug|Win32
		{F2690B70-2593-41CE-B8BB-90BE07FE4ED1}.Debug|x64.ActiveCfg = Debug|x64
		{F2690B70-2593-41CE-B8BB-90BE07FE4ED1}.Debug|x64.Build.0 = Debug|x64
		{F2690B70-2593-41CE-B8BB-90BE07FE4ED1}.Debug|x86.ActiveCfg = Debug|Win32
		{F2690B70-2593-41CE-B8BB-90BE07FE4ED1}.Debug|x86.Build.0 = Debug|Win32
		{F2690B70-2593-41CE-B8BB-90BE07FE4ED1}.Release|Any CPU.ActiveCfg = Release|Win32
		{F2690B70-2593-41CE-B8BB-90BE07FE4ED1}.Release|x64.ActiveCfg = Release|x64
		{F2690B70-2593-41CE-B8BB-90BE07FE4ED1}.Release|x64.Build.0 = Release|x64
		{F2690B70-2593-41CE-B8BB-90BE07FE4ED1}.Release|x86.ActiveCfg = Release|Win32
		{F2690B70-2593-41CE-B8BB-90BE07FE4ED1}.Release|x86.Build.0 = Release|Win32
		{6B5A09E9-716A-4069-9809-715DBB283EF6}.Debug|Any CPU.ActiveCfg = Debug|Win32
		{6B5A09E9-716A-4069-9809-715DBB283EF6}.Debug|x64.ActiveCfg = Debug|x64
		{6B5A09E9-716A-4069-9809-715DBB283EF6}.Debug|x64.Build.0 = Debug|x64
		{6B5A09E9-716A-4069-9809-715DBB283EF6}.Debug|x86.ActiveCfg = Debug|Win32
		{6B5A09E9-716A-4069-9809-715DBB283EF6}.Debug|x86.Build.0 = Debug|Win32
		{6B5A09E9-716A-4069-9809-715DBB283EF6}.Release|Any CPU.ActiveCfg = Release|Win32
		{6B5A09E9-716A-4069-9809-715DBB283EF6}.Release|x64.ActiveCfg = Release|x64
		{6B5A09E9-716A-4069-9809-715DBB283EF6}.Release|x64.Build.0 = Release|x64
		{6B5A09E9-716A-4069-9809-715DBB283EF6}.Release|x86.ActiveCfg = Release|Win32
		{6B5A09E9-716A-4069-9809-715DBB283EF6}.Release|x86.Build.0 = Release|Win32
		{0770073C-2085-4C44-B9D7-96A394A6D676}.Debug|Any CPU.ActiveCfg = Debug|Win32
		{0770073C-2085-4C44-B9D7-96A394A6D676}.Debug|x64.ActiveCfg = Debug|x64
		{0770073C-2085-4C44-B9D7-96A394A6D676}.Debug|x64.Build.0 = Debug|x64
		{0770073C-2085-4C44-B9D7-96A394A6D676}.Debug|x86.ActiveCfg = Debug|Win32
		{0770073C-2085-4C44-B9D7-96A394A6D676}.Debug|x86.Build.0 = Debug|Win32
		{0770073C-2085-4C44-B9D7-96A394A6D676}.Release|Any CPU.ActiveCfg = Release|Win32
		{0770073C-2085-4C44-B9D7-96A394A6D676}.Release|x64.ActiveCfg = Release|x64
		{0770073C-2085-4C44-B9D7-96A394A6D676}.Release|x64.Build.0 = Release|x64
		{0770073C-2085-4C44-B9D7-96A394A6D676}.Release|x86.ActiveCfg = Release|Win32
		{0770073C-2085-4C44-B9D7-96A394A6D676}.Release|x86.Build.0 = Release|Win32
		{D5B812E6-FF5D-411B-994C-B7BFD38545F3}.Debug|Any CPU.ActiveCfg = Debug|Win32
		{D5B812E6-FF5D-411B-994C-B7BFD38545F3}.Debug|x64.ActiveCfg = Debug|x64
		{D5B812E6-FF5D-411B-994C-B7BFD38545F3}.Debug|x64.Build.0 = Debug|x64
		{D5B812E6-FF5D-411B-994C-B7BFD38545F3}.Debug|x86.ActiveCfg = Debug|Win32
		{D5B812E6-FF5D-411B-994C-B7BFD38545F3}.Debug|x86.Build.0 = Debug|Win32
		{D5B812E6-FF5D-411B-994C-B7BFD38545F3}.Release|Any CPU.ActiveCfg = Release|Win32
		{D5B812E6-FF5D-411B-994C-B7BFD38545F3}.Release|x64.ActiveCfg = Release|x64
		{D5B812E6-FF5D-411B-994C-B7BFD38545F3}.Release|x64.Build.0 = Release|x64
		{D5B812E6-FF5D-411B-994C-B7BFD38545F3}.Release|x86.ActiveCfg = Release|Win32
		{D5B812E6-FF5D-411B-994C-B7BFD38545F3}.Release|x86.Build.0 = Release|Win32
		{2A9953E6-991C-4298-8B51-9838DD12B5EA}.Debug|Any CPU.ActiveCfg = Debug|Win32
		{2A9953E6-991C-4298-8B51-9838DD12B5EA}.Debug|x64.ActiveCfg = Debug|x64
		{2A9953E6-991C-4298-8B51-9838DD12B5EA}.Debug|x64.Build.0 = Debug|x64
		{2A9953E6-991C-4298-8B51-9838DD12B5EA}.Debug|x86.ActiveCfg = Debug|Win32
		{2A9953E6-991C-4298-8B51-9838DD12B5EA}.Debug|x86.Build.0 = Debug|Win32
		{2A9953E6-991C-4298-8B51-9838DD12B5EA}.Release|Any CPU.ActiveCfg = Release|Win32
		{2A9953E6-991C-4298-8B51-9838DD12B5EA}.Release|x64.ActiveCfg = Release|x64
		{2A9953E6-991C-4298-8B51-9838DD12B5EA}.Release|x64.Build.0 = Release|x64
		{2A9953E6-991C-4298-8B51-9838DD12B5EA}.Release|x86.ActiveCfg = Release|Win32
		{2A9953E6-991C-4298-8B51-9838DD12B5EA}.Release|x86.Build.0 = Release|Win32
		{9FDFBA45-D2A3-429F-BB11-0DB6433C50B4}.Debug|Any CPU.ActiveCfg = Debug|Win32
		{9FDFBA45-D2A3-429F-BB11-0DB6433C50B4}.Debug|x64.ActiveCfg = Debug|x64
		{9FDFBA45-D2A3-429F-BB11-0DB6433C50B4}.Debug|x64.Build.0 = Debug|x64
		{9FDFBA45-D2A3-429F-BB11-0DB6433C50B4}.Debug|x86.ActiveCfg = Debug|Win32
		{9FDFBA45-D2A3-429F-BB11-0DB6433C50B4}.Debug|x86.Build.0 = Debug|Win32
		{9FDFBA45-D2A3-429F-BB11-0DB6433C50B4}.Release|Any CPU.ActiveCfg = Release|Win32
		{9FDFBA45-D2A3-429F-BB11-0DB6433C50B4}.Release|x64.ActiveCfg = Release|x64
		{9FDFBA45-D2A3-429F-BB11-0DB6433C50B4}.Release|x64.Build.0 = Release|x64
		{9FDFBA45-D2A3-429F-BB11-0DB6433C50B4}.Release|x86.ActiveCfg = Release|Win32
		{9FDFBA45-D2A3-429F-BB11-0DB6433C50B4}.Release|x86.Build.0 = Release|Win32
		{518398C4-3F80-4F37-88F6-C1CF29E66A35}.Debug|Any CPU.ActiveCfg = Debug|Win32
		{518398C4-3F80-4F37-88F6-C1CF29E66A35}.Debug|x64.ActiveCfg = Debug|x64
		{518398C4-3F80-4F37-88F6-C1CF29E66A35}.Debug|x64.Build.0 = Debug|x64
		{518398C4-3F80-4F37-88F6-C1CF29E66A35}.Debug|x86.ActiveCfg = Debug|Win32
		{518398C4-3F80-4F37-88F6-C1CF29E66A35}.Debug|x86.Build.0 = Debug|Win32
		{518398C4-3F80-4F37-88F6-C1CF29E66A35}.Release|Any CPU.ActiveCfg = Release|Win32
		{518398C4-3F80-4F37-88F6-C1CF29E66A35}.Release|x64.ActiveCfg = Release|x64
		{518398C4-3F80-4F37-88F6-C1CF29E66A35}.Release|x64.Build.0 = Release|x64
		{518398C4-3F80-4F37-88F6-C1CF29E66A35}.Release|x86.ActiveCfg = Release|Win32
		{518398C4-3F80-4F37-88F6-C1CF29E66A35}.Release|x86.Build.0 = Release|Win32
		{4F442E3C-E5B6-48D4-8F77-5D0FA1782402}.Debug|Any CPU.ActiveCfg = Debug|Win32
		{4F442E3C-E5B6-48D4-8F77-5D0FA1782402}.Debug|x64.ActiveCfg = Debug|x64
		{4F442E3C-E5B6-48D4-8F77-5D0FA1782402}.Debug|x64.Build.0 = Debug|x64
		{4F442E3C-E5B6-48D4-8F77-5D0FA1782402}.Debug|x86.ActiveCfg = Debug|Win32
		{4F442E3C-E5B6-48D4-8F77-5D0FA1782402}.Debug|x86.Build.0 = Debug|Win32
		{4F442E3C-E5B6-48D4-8F77-5D0FA1782402}.Release|Any CPU.ActiveCfg = Release|Win32
		{4F442E3C-E5B6-48D4-8F77-5D0FA1782402}.Release|x64.ActiveCfg = Release|x64
		{4F442E3C-E5B6-48D4-8F77-5D0FA1782402}.Release|x64.Build.0 = Release|x64
		{4F442E3C-E5B6-48D4-8F77-5D0FA1782402}.Release|x86.ActiveCfg = Release|Win32
		{4F442E3C-E5B6-48D4-8F77-5D0FA1782402}.Release|x86.Build.0 = Release|Win32
		{51968258-C8F2-4806-A0F3-797704005F4F}.Debug|Any CPU.ActiveCfg = Debug|Win32
		{51968258-C8F2-4806-A0F3-797704005F4F}.Debug|x64.ActiveCfg = Debug|x64
		{51968258-C8F2-4806-A0F3-797704005F4F}.Debug|x64.Build.0 = Debug|x64
		{51968258-C8F2-4806-A0F3-797704005F4F}.Debug|x86.ActiveCfg = Debug|Win32
		{51968258-C8F2-4806-A0F3-797704005F4F}.Debug|x86.Build.0 = Debug|Win32
		{51968258-C8F2-4806-A0F3-797704005F4F}.Release|Any CPU.ActiveCfg = Release|Win32
		{51968258-C8F2-4806-A0F3-797704005F4F}.Release|x64.ActiveCfg = Release|x64
		{51968258-C8F2-4806-A0F3-797704005F4F}.Release|x64.Build.0 = Release|x64
		{51968258-C8F2-4806-A0F3-797704005F4F}.Release|x86.ActiveCfg = Release|Win32
		{51968258-C8F2-4806-A0F3-797704005F4F}.Release|x86.Build.0 = Release|Win32
		{7BFBD177-E404-4012-A1C7-1D42F55ADFA0}.Debug|Any CPU.ActiveCfg = Debug|Win32
		{7BFBD177-E404-4012-A1C7-1D42F55ADFA0}.Debug|x64.ActiveCfg = Debug|x64
		{7BFBD177-E404-4012-A1C7-1D42F55ADFA0}.Debug|x64.Build.0 = Debug|x64
		{7BFBD177-E404-4012-A1C7-1D42F55ADFA0}.Debug|x86.ActiveCfg = Debug|Win32
		{7BFBD177-E404-4012-A1C7-1D42F55ADFA0}.Debug|x86.Build.0 = Debug|Win32
		{7BFBD177-E404-4012-A1C7-1D42F55ADFA0}.Release|Any CPU.ActiveCfg = Release|Win32
		{7BFBD177-E404-4012-A1C7-1D42F55ADFA0}.Release|x64.ActiveCfg = Release|x64
		{7BFBD177-E404-4012-A1C7-1D42F55ADFA0}.Release|x64.Build.0 = Release|x64
		{7BFBD177-E404-4012-A1C7-1D42F55ADFA0}.Release|x86.ActiveCfg = Release|Win32
		{7BFBD177-E404-4012-A1C7-1D42F55ADFA0}.Release|x86.Build.0 = Release|Win32
	EndGlobalSection
	GlobalSection(SolutionProperties) = preSolution
		HideSolutionNode = FALSE
	EndGlobalSection
EndGlobal
